// !$*UTF8*$!
{
	archiveVersion = 1;
	classes = {
	};
	objectVersion = 55;
	objects = {

/* Begin PBXBuildFile section */
		FA75DA6C2817FF9D0098CE95 /* Reflection.swift in Sources */ = {isa = PBXBuildFile; fileRef = FA75DA6B2817FF9D0098CE95 /* Reflection.swift */; };
		FA75DA6E2818324D0098CE95 /* Storyboard.storyboard in Resources */ = {isa = PBXBuildFile; fileRef = FA75DA6D2818324D0098CE95 /* Storyboard.storyboard */; };
		FA75DA7028183C490098CE95 /* ReflectionDetailAddView.swift in Sources */ = {isa = PBXBuildFile; fileRef = FA75DA6F28183C490098CE95 /* ReflectionDetailAddView.swift */; };
		FA75DA7428185C340098CE95 /* HomeScreenPage.swift in Sources */ = {isa = PBXBuildFile; fileRef = FA75DA7328185C340098CE95 /* HomeScreenPage.swift */; };
		FA75DA76281862A60098CE95 /* TaskListView.swift in Sources */ = {isa = PBXBuildFile; fileRef = FA75DA75281862A60098CE95 /* TaskListView.swift */; };
		FA75DA78281863060098CE95 /* DatePicker.swift in Sources */ = {isa = PBXBuildFile; fileRef = FA75DA77281863060098CE95 /* DatePicker.swift */; };
		FA75DA7A2818FE280098CE95 /* Task.swift in Sources */ = {isa = PBXBuildFile; fileRef = FA75DA792818FE280098CE95 /* Task.swift */; };
		FA75DA7D281AF1EA0098CE95 /* TaskDetailView.swift in Sources */ = {isa = PBXBuildFile; fileRef = FA75DA7C281AF1EA0098CE95 /* TaskDetailView.swift */; };
		FA75DA7F281AF2170098CE95 /* TaskDetailAddView.swift in Sources */ = {isa = PBXBuildFile; fileRef = FA75DA7E281AF2170098CE95 /* TaskDetailAddView.swift */; };
		FADA945728167621008BDA5B /* LearnAppApp.swift in Sources */ = {isa = PBXBuildFile; fileRef = FADA945628167621008BDA5B /* LearnAppApp.swift */; };
		FADA945928167621008BDA5B /* ContentView.swift in Sources */ = {isa = PBXBuildFile; fileRef = FADA945828167621008BDA5B /* ContentView.swift */; };
		FADA945B28167623008BDA5B /* Assets.xcassets in Resources */ = {isa = PBXBuildFile; fileRef = FADA945A28167623008BDA5B /* Assets.xcassets */; };
		FADA945E28167623008BDA5B /* Preview Assets.xcassets in Resources */ = {isa = PBXBuildFile; fileRef = FADA945D28167623008BDA5B /* Preview Assets.xcassets */; };
		FADA946828167623008BDA5B /* LearnAppTests.swift in Sources */ = {isa = PBXBuildFile; fileRef = FADA946728167623008BDA5B /* LearnAppTests.swift */; };
		FADA947228167623008BDA5B /* LearnAppUITests.swift in Sources */ = {isa = PBXBuildFile; fileRef = FADA947128167623008BDA5B /* LearnAppUITests.swift */; };
		FADA947428167623008BDA5B /* LearnAppUITestsLaunchTests.swift in Sources */ = {isa = PBXBuildFile; fileRef = FADA947328167623008BDA5B /* LearnAppUITestsLaunchTests.swift */; };
		FADA94812816992C008BDA5B /* File.swift in Sources */ = {isa = PBXBuildFile; fileRef = FADA94802816992C008BDA5B /* File.swift */; };
		FADA94852817D785008BDA5B /* ReflectionView.swift in Sources */ = {isa = PBXBuildFile; fileRef = FADA94842817D785008BDA5B /* ReflectionView.swift */; };
		FADA94872817EDF3008BDA5B /* ReflectionDetailView.swift in Sources */ = {isa = PBXBuildFile; fileRef = FADA94862817EDF3008BDA5B /* ReflectionDetailView.swift */; };
		FADA94892817EE24008BDA5B /* struct.swift in Sources */ = {isa = PBXBuildFile; fileRef = FADA94882817EE24008BDA5B /* struct.swift */; };
/* End PBXBuildFile section */

/* Begin PBXContainerItemProxy section */
		FADA946428167623008BDA5B /* PBXContainerItemProxy */ = {
			isa = PBXContainerItemProxy;
			containerPortal = FADA944B28167621008BDA5B /* Project object */;
			proxyType = 1;
			remoteGlobalIDString = FADA945228167621008BDA5B;
			remoteInfo = LearnApp;
		};
		FADA946E28167623008BDA5B /* PBXContainerItemProxy */ = {
			isa = PBXContainerItemProxy;
			containerPortal = FADA944B28167621008BDA5B /* Project object */;
			proxyType = 1;
			remoteGlobalIDString = FADA945228167621008BDA5B;
			remoteInfo = LearnApp;
		};
/* End PBXContainerItemProxy section */

/* Begin PBXFileReference section */
		FA75DA6B2817FF9D0098CE95 /* Reflection.swift */ = {isa = PBXFileReference; lastKnownFileType = sourcecode.swift; path = Reflection.swift; sourceTree = "<group>"; };
		FA75DA6D2818324D0098CE95 /* Storyboard.storyboard */ = {isa = PBXFileReference; lastKnownFileType = file.storyboard; path = Storyboard.storyboard; sourceTree = "<group>"; };
		FA75DA6F28183C490098CE95 /* ReflectionDetailAddView.swift */ = {isa = PBXFileReference; lastKnownFileType = sourcecode.swift; path = ReflectionDetailAddView.swift; sourceTree = "<group>"; };
		FA75DA7328185C340098CE95 /* HomeScreenPage.swift */ = {isa = PBXFileReference; lastKnownFileType = sourcecode.swift; path = HomeScreenPage.swift; sourceTree = "<group>"; };
		FA75DA75281862A60098CE95 /* TaskListView.swift */ = {isa = PBXFileReference; lastKnownFileType = sourcecode.swift; path = TaskListView.swift; sourceTree = "<group>"; };
		FA75DA77281863060098CE95 /* DatePicker.swift */ = {isa = PBXFileReference; lastKnownFileType = sourcecode.swift; path = DatePicker.swift; sourceTree = "<group>"; };
		FA75DA792818FE280098CE95 /* Task.swift */ = {isa = PBXFileReference; lastKnownFileType = sourcecode.swift; path = Task.swift; sourceTree = "<group>"; };
		FA75DA7C281AF1EA0098CE95 /* TaskDetailView.swift */ = {isa = PBXFileReference; lastKnownFileType = sourcecode.swift; path = TaskDetailView.swift; sourceTree = "<group>"; };
		FA75DA7E281AF2170098CE95 /* TaskDetailAddView.swift */ = {isa = PBXFileReference; lastKnownFileType = sourcecode.swift; path = TaskDetailAddView.swift; sourceTree = "<group>"; };
		FADA945328167621008BDA5B /* LearnApp.app */ = {isa = PBXFileReference; explicitFileType = wrapper.application; includeInIndex = 0; path = LearnApp.app; sourceTree = BUILT_PRODUCTS_DIR; };
		FADA945628167621008BDA5B /* LearnAppApp.swift */ = {isa = PBXFileReference; lastKnownFileType = sourcecode.swift; path = LearnAppApp.swift; sourceTree = "<group>"; };
		FADA945828167621008BDA5B /* ContentView.swift */ = {isa = PBXFileReference; lastKnownFileType = sourcecode.swift; path = ContentView.swift; sourceTree = "<group>"; };
		FADA945A28167623008BDA5B /* Assets.xcassets */ = {isa = PBXFileReference; lastKnownFileType = folder.assetcatalog; path = Assets.xcassets; sourceTree = "<group>"; };
		FADA945D28167623008BDA5B /* Preview Assets.xcassets */ = {isa = PBXFileReference; lastKnownFileType = folder.assetcatalog; path = "Preview Assets.xcassets"; sourceTree = "<group>"; };
		FADA946328167623008BDA5B /* LearnAppTests.xctest */ = {isa = PBXFileReference; explicitFileType = wrapper.cfbundle; includeInIndex = 0; path = LearnAppTests.xctest; sourceTree = BUILT_PRODUCTS_DIR; };
		FADA946728167623008BDA5B /* LearnAppTests.swift */ = {isa = PBXFileReference; lastKnownFileType = sourcecode.swift; path = LearnAppTests.swift; sourceTree = "<group>"; };
		FADA946D28167623008BDA5B /* LearnAppUITests.xctest */ = {isa = PBXFileReference; explicitFileType = wrapper.cfbundle; includeInIndex = 0; path = LearnAppUITests.xctest; sourceTree = BUILT_PRODUCTS_DIR; };
		FADA947128167623008BDA5B /* LearnAppUITests.swift */ = {isa = PBXFileReference; lastKnownFileType = sourcecode.swift; path = LearnAppUITests.swift; sourceTree = "<group>"; };
		FADA947328167623008BDA5B /* LearnAppUITestsLaunchTests.swift */ = {isa = PBXFileReference; lastKnownFileType = sourcecode.swift; path = LearnAppUITestsLaunchTests.swift; sourceTree = "<group>"; };
		FADA94802816992C008BDA5B /* File.swift */ = {isa = PBXFileReference; lastKnownFileType = sourcecode.swift; path = File.swift; sourceTree = "<group>"; };
		FADA94842817D785008BDA5B /* ReflectionView.swift */ = {isa = PBXFileReference; lastKnownFileType = sourcecode.swift; path = ReflectionView.swift; sourceTree = "<group>"; };
		FADA94862817EDF3008BDA5B /* ReflectionDetailView.swift */ = {isa = PBXFileReference; lastKnownFileType = sourcecode.swift; path = ReflectionDetailView.swift; sourceTree = "<group>"; };
		FADA94882817EE24008BDA5B /* struct.swift */ = {isa = PBXFileReference; lastKnownFileType = sourcecode.swift; path = struct.swift; sourceTree = "<group>"; };
/* End PBXFileReference section */

/* Begin PBXFrameworksBuildPhase section */
		FADA945028167621008BDA5B /* Frameworks */ = {
			isa = PBXFrameworksBuildPhase;
			buildActionMask = 2147483647;
			files = (
			);
			runOnlyForDeploymentPostprocessing = 0;
		};
		FADA946028167623008BDA5B /* Frameworks */ = {
			isa = PBXFrameworksBuildPhase;
			buildActionMask = 2147483647;
			files = (
			);
			runOnlyForDeploymentPostprocessing = 0;
		};
		FADA946A28167623008BDA5B /* Frameworks */ = {
			isa = PBXFrameworksBuildPhase;
			buildActionMask = 2147483647;
			files = (
			);
			runOnlyForDeploymentPostprocessing = 0;
		};
/* End PBXFrameworksBuildPhase section */

/* Begin PBXGroup section */
		FA75DA7128185BF50098CE95 /* Refleksi */ = {
			isa = PBXGroup;
			children = (
				FADA94842817D785008BDA5B /* ReflectionView.swift */,
				FADA94862817EDF3008BDA5B /* ReflectionDetailView.swift */,
				FA75DA6F28183C490098CE95 /* ReflectionDetailAddView.swift */,
				FA75DA6B2817FF9D0098CE95 /* Reflection.swift */,
			);
			path = Refleksi;
			sourceTree = "<group>";
		};
		FA75DA7228185C0E0098CE95 /* Timer(Pomodoro) */ = {
			isa = PBXGroup;
			children = (
				FADA94802816992C008BDA5B /* File.swift */,
				FADA945828167621008BDA5B /* ContentView.swift */,
			);
			path = "Timer(Pomodoro)";
			sourceTree = "<group>";
		};
		FA75DA7B281AF1A90098CE95 /* Task */ = {
			isa = PBXGroup;
			children = (
				FA75DA77281863060098CE95 /* DatePicker.swift */,
				FA75DA792818FE280098CE95 /* Task.swift */,
				FA75DA7C281AF1EA0098CE95 /* TaskDetailView.swift */,
				FA75DA7E281AF2170098CE95 /* TaskDetailAddView.swift */,
			);
			path = Task;
			sourceTree = "<group>";
		};
		FADA944A28167621008BDA5B = {
			isa = PBXGroup;
			children = (
				FADA945528167621008BDA5B /* LearnApp */,
				FADA946628167623008BDA5B /* LearnAppTests */,
				FADA947028167623008BDA5B /* LearnAppUITests */,
				FADA945428167621008BDA5B /* Products */,
			);
			sourceTree = "<group>";
		};
		FADA945428167621008BDA5B /* Products */ = {
			isa = PBXGroup;
			children = (
				FADA945328167621008BDA5B /* LearnApp.app */,
				FADA946328167623008BDA5B /* LearnAppTests.xctest */,
				FADA946D28167623008BDA5B /* LearnAppUITests.xctest */,
			);
			name = Products;
			sourceTree = "<group>";
		};
		FADA945528167621008BDA5B /* LearnApp */ = {
			isa = PBXGroup;
			children = (
				FA75DA7228185C0E0098CE95 /* Timer(Pomodoro) */,
				FA75DA7128185BF50098CE95 /* Refleksi */,
				FA75DA7B281AF1A90098CE95 /* Task */,
				FA75DA7328185C340098CE95 /* HomeScreenPage.swift */,
				FA75DA75281862A60098CE95 /* TaskListView.swift */,
				FADA945628167621008BDA5B /* LearnAppApp.swift */,
				FADA94882817EE24008BDA5B /* struct.swift */,
				FA75DA6D2818324D0098CE95 /* Storyboard.storyboard */,
				FADA945A28167623008BDA5B /* Assets.xcassets */,
				FADA945C28167623008BDA5B /* Preview Content */,
			);
			path = LearnApp;
			sourceTree = "<group>";
		};
		FADA945C28167623008BDA5B /* Preview Content */ = {
			isa = PBXGroup;
			children = (
				FADA945D28167623008BDA5B /* Preview Assets.xcassets */,
			);
			path = "Preview Content";
			sourceTree = "<group>";
		};
		FADA946628167623008BDA5B /* LearnAppTests */ = {
			isa = PBXGroup;
			children = (
				FADA946728167623008BDA5B /* LearnAppTests.swift */,
			);
			path = LearnAppTests;
			sourceTree = "<group>";
		};
		FADA947028167623008BDA5B /* LearnAppUITests */ = {
			isa = PBXGroup;
			children = (
				FADA947128167623008BDA5B /* LearnAppUITests.swift */,
				FADA947328167623008BDA5B /* LearnAppUITestsLaunchTests.swift */,
			);
			path = LearnAppUITests;
			sourceTree = "<group>";
		};
/* End PBXGroup section */

/* Begin PBXNativeTarget section */
		FADA945228167621008BDA5B /* LearnApp */ = {
			isa = PBXNativeTarget;
			buildConfigurationList = FADA947728167623008BDA5B /* Build configuration list for PBXNativeTarget "LearnApp" */;
			buildPhases = (
				FADA944F28167621008BDA5B /* Sources */,
				FADA945028167621008BDA5B /* Frameworks */,
				FADA945128167621008BDA5B /* Resources */,
			);
			buildRules = (
			);
			dependencies = (
			);
			name = LearnApp;
			productName = LearnApp;
			productReference = FADA945328167621008BDA5B /* LearnApp.app */;
			productType = "com.apple.product-type.application";
		};
		FADA946228167623008BDA5B /* LearnAppTests */ = {
			isa = PBXNativeTarget;
			buildConfigurationList = FADA947A28167623008BDA5B /* Build configuration list for PBXNativeTarget "LearnAppTests" */;
			buildPhases = (
				FADA945F28167623008BDA5B /* Sources */,
				FADA946028167623008BDA5B /* Frameworks */,
				FADA946128167623008BDA5B /* Resources */,
			);
			buildRules = (
			);
			dependencies = (
				FADA946528167623008BDA5B /* PBXTargetDependency */,
			);
			name = LearnAppTests;
			productName = LearnAppTests;
			productReference = FADA946328167623008BDA5B /* LearnAppTests.xctest */;
			productType = "com.apple.product-type.bundle.unit-test";
		};
		FADA946C28167623008BDA5B /* LearnAppUITests */ = {
			isa = PBXNativeTarget;
			buildConfigurationList = FADA947D28167623008BDA5B /* Build configuration list for PBXNativeTarget "LearnAppUITests" */;
			buildPhases = (
				FADA946928167623008BDA5B /* Sources */,
				FADA946A28167623008BDA5B /* Frameworks */,
				FADA946B28167623008BDA5B /* Resources */,
			);
			buildRules = (
			);
			dependencies = (
				FADA946F28167623008BDA5B /* PBXTargetDependency */,
			);
			name = LearnAppUITests;
			productName = LearnAppUITests;
			productReference = FADA946D28167623008BDA5B /* LearnAppUITests.xctest */;
			productType = "com.apple.product-type.bundle.ui-testing";
		};
/* End PBXNativeTarget section */

/* Begin PBXProject section */
		FADA944B28167621008BDA5B /* Project object */ = {
			isa = PBXProject;
			attributes = {
				BuildIndependentTargetsInParallel = 1;
				LastSwiftUpdateCheck = 1330;
				LastUpgradeCheck = 1330;
				TargetAttributes = {
					FADA945228167621008BDA5B = {
						CreatedOnToolsVersion = 13.3.1;
					};
					FADA946228167623008BDA5B = {
						CreatedOnToolsVersion = 13.3.1;
						TestTargetID = FADA945228167621008BDA5B;
					};
					FADA946C28167623008BDA5B = {
						CreatedOnToolsVersion = 13.3.1;
						TestTargetID = FADA945228167621008BDA5B;
					};
				};
			};
			buildConfigurationList = FADA944E28167621008BDA5B /* Build configuration list for PBXProject "LearnApp" */;
			compatibilityVersion = "Xcode 13.0";
			developmentRegion = en;
			hasScannedForEncodings = 0;
			knownRegions = (
				en,
				Base,
			);
			mainGroup = FADA944A28167621008BDA5B;
			productRefGroup = FADA945428167621008BDA5B /* Products */;
			projectDirPath = "";
			projectRoot = "";
			targets = (
				FADA945228167621008BDA5B /* LearnApp */,
				FADA946228167623008BDA5B /* LearnAppTests */,
				FADA946C28167623008BDA5B /* LearnAppUITests */,
			);
		};
/* End PBXProject section */

/* Begin PBXResourcesBuildPhase section */
		FADA945128167621008BDA5B /* Resources */ = {
			isa = PBXResourcesBuildPhase;
			buildActionMask = 2147483647;
			files = (
				FADA945E28167623008BDA5B /* Preview Assets.xcassets in Resources */,
				FADA945B28167623008BDA5B /* Assets.xcassets in Resources */,
				FA75DA6E2818324D0098CE95 /* Storyboard.storyboard in Resources */,
			);
			runOnlyForDeploymentPostprocessing = 0;
		};
		FADA946128167623008BDA5B /* Resources */ = {
			isa = PBXResourcesBuildPhase;
			buildActionMask = 2147483647;
			files = (
			);
			runOnlyForDeploymentPostprocessing = 0;
		};
		FADA946B28167623008BDA5B /* Resources */ = {
			isa = PBXResourcesBuildPhase;
			buildActionMask = 2147483647;
			files = (
			);
			runOnlyForDeploymentPostprocessing = 0;
		};
/* End PBXResourcesBuildPhase section */

/* Begin PBXSourcesBuildPhase section */
		FADA944F28167621008BDA5B /* Sources */ = {
			isa = PBXSourcesBuildPhase;
			buildActionMask = 2147483647;
			files = (
				FA75DA7D281AF1EA0098CE95 /* TaskDetailView.swift in Sources */,
				FADA94892817EE24008BDA5B /* struct.swift in Sources */,
				FADA945928167621008BDA5B /* ContentView.swift in Sources */,
				FADA94852817D785008BDA5B /* ReflectionView.swift in Sources */,
				FA75DA7028183C490098CE95 /* ReflectionDetailAddView.swift in Sources */,
				FA75DA7A2818FE280098CE95 /* Task.swift in Sources */,
				FA75DA7F281AF2170098CE95 /* TaskDetailAddView.swift in Sources */,
				FA75DA7428185C340098CE95 /* HomeScreenPage.swift in Sources */,
				FA75DA6C2817FF9D0098CE95 /* Reflection.swift in Sources */,
				FADA94812816992C008BDA5B /* File.swift in Sources */,
				FA75DA78281863060098CE95 /* DatePicker.swift in Sources */,
				FA75DA76281862A60098CE95 /* TaskListView.swift in Sources */,
				FADA945728167621008BDA5B /* LearnAppApp.swift in Sources */,
				FADA94872817EDF3008BDA5B /* ReflectionDetailView.swift in Sources */,
			);
			runOnlyForDeploymentPostprocessing = 0;
		};
		FADA945F28167623008BDA5B /* Sources */ = {
			isa = PBXSourcesBuildPhase;
			buildActionMask = 2147483647;
			files = (
				FADA946828167623008BDA5B /* LearnAppTests.swift in Sources */,
			);
			runOnlyForDeploymentPostprocessing = 0;
		};
		FADA946928167623008BDA5B /* Sources */ = {
			isa = PBXSourcesBuildPhase;
			buildActionMask = 2147483647;
			files = (
				FADA947428167623008BDA5B /* LearnAppUITestsLaunchTests.swift in Sources */,
				FADA947228167623008BDA5B /* LearnAppUITests.swift in Sources */,
			);
			runOnlyForDeploymentPostprocessing = 0;
		};
/* End PBXSourcesBuildPhase section */

/* Begin PBXTargetDependency section */
		FADA946528167623008BDA5B /* PBXTargetDependency */ = {
			isa = PBXTargetDependency;
			target = FADA945228167621008BDA5B /* LearnApp */;
			targetProxy = FADA946428167623008BDA5B /* PBXContainerItemProxy */;
		};
		FADA946F28167623008BDA5B /* PBXTargetDependency */ = {
			isa = PBXTargetDependency;
			target = FADA945228167621008BDA5B /* LearnApp */;
			targetProxy = FADA946E28167623008BDA5B /* PBXContainerItemProxy */;
		};
/* End PBXTargetDependency section */

/* Begin XCBuildConfiguration section */
		FADA947528167623008BDA5B /* Debug */ = {
			isa = XCBuildConfiguration;
			buildSettings = {
				ALWAYS_SEARCH_USER_PATHS = NO;
				CLANG_ANALYZER_NONNULL = YES;
				CLANG_ANALYZER_NUMBER_OBJECT_CONVERSION = YES_AGGRESSIVE;
				CLANG_CXX_LANGUAGE_STANDARD = "gnu++17";
				CLANG_ENABLE_MODULES = YES;
				CLANG_ENABLE_OBJC_ARC = YES;
				CLANG_ENABLE_OBJC_WEAK = YES;
				CLANG_WARN_BLOCK_CAPTURE_AUTORELEASING = YES;
				CLANG_WARN_BOOL_CONVERSION = YES;
				CLANG_WARN_COMMA = YES;
				CLANG_WARN_CONSTANT_CONVERSION = YES;
				CLANG_WARN_DEPRECATED_OBJC_IMPLEMENTATIONS = YES;
				CLANG_WARN_DIRECT_OBJC_ISA_USAGE = YES_ERROR;
				CLANG_WARN_DOCUMENTATION_COMMENTS = YES;
				CLANG_WARN_EMPTY_BODY = YES;
				CLANG_WARN_ENUM_CONVERSION = YES;
				CLANG_WARN_INFINITE_RECURSION = YES;
				CLANG_WARN_INT_CONVERSION = YES;
				CLANG_WARN_NON_LITERAL_NULL_CONVERSION = YES;
				CLANG_WARN_OBJC_IMPLICIT_RETAIN_SELF = YES;
				CLANG_WARN_OBJC_LITERAL_CONVERSION = YES;
				CLANG_WARN_OBJC_ROOT_CLASS = YES_ERROR;
				CLANG_WARN_QUOTED_INCLUDE_IN_FRAMEWORK_HEADER = YES;
				CLANG_WARN_RANGE_LOOP_ANALYSIS = YES;
				CLANG_WARN_STRICT_PROTOTYPES = YES;
				CLANG_WARN_SUSPICIOUS_MOVE = YES;
				CLANG_WARN_UNGUARDED_AVAILABILITY = YES_AGGRESSIVE;
				CLANG_WARN_UNREACHABLE_CODE = YES;
				CLANG_WARN__DUPLICATE_METHOD_MATCH = YES;
				COPY_PHASE_STRIP = NO;
				DEBUG_INFORMATION_FORMAT = dwarf;
				ENABLE_STRICT_OBJC_MSGSEND = YES;
				ENABLE_TESTABILITY = YES;
				GCC_C_LANGUAGE_STANDARD = gnu11;
				GCC_DYNAMIC_NO_PIC = NO;
				GCC_NO_COMMON_BLOCKS = YES;
				GCC_OPTIMIZATION_LEVEL = 0;
				GCC_PREPROCESSOR_DEFINITIONS = (
					"DEBUG=1",
					"$(inherited)",
				);
				GCC_WARN_64_TO_32_BIT_CONVERSION = YES;
				GCC_WARN_ABOUT_RETURN_TYPE = YES_ERROR;
				GCC_WARN_UNDECLARED_SELECTOR = YES;
				GCC_WARN_UNINITIALIZED_AUTOS = YES_AGGRESSIVE;
				GCC_WARN_UNUSED_FUNCTION = YES;
				GCC_WARN_UNUSED_VARIABLE = YES;
				IPHONEOS_DEPLOYMENT_TARGET = 15.4;
				MTL_ENABLE_DEBUG_INFO = INCLUDE_SOURCE;
				MTL_FAST_MATH = YES;
				ONLY_ACTIVE_ARCH = YES;
				SDKROOT = iphoneos;
				SWIFT_ACTIVE_COMPILATION_CONDITIONS = DEBUG;
				SWIFT_OPTIMIZATION_LEVEL = "-Onone";
			};
			name = Debug;
		};
		FADA947628167623008BDA5B /* Release */ = {
			isa = XCBuildConfiguration;
			buildSettings = {
				ALWAYS_SEARCH_USER_PATHS = NO;
				CLANG_ANALYZER_NONNULL = YES;
				CLANG_ANALYZER_NUMBER_OBJECT_CONVERSION = YES_AGGRESSIVE;
				CLANG_CXX_LANGUAGE_STANDARD = "gnu++17";
				CLANG_ENABLE_MODULES = YES;
				CLANG_ENABLE_OBJC_ARC = YES;
				CLANG_ENABLE_OBJC_WEAK = YES;
				CLANG_WARN_BLOCK_CAPTURE_AUTORELEASING = YES;
				CLANG_WARN_BOOL_CONVERSION = YES;
				CLANG_WARN_COMMA = YES;
				CLANG_WARN_CONSTANT_CONVERSION = YES;
				CLANG_WARN_DEPRECATED_OBJC_IMPLEMENTATIONS = YES;
				CLANG_WARN_DIRECT_OBJC_ISA_USAGE = YES_ERROR;
				CLANG_WARN_DOCUMENTATION_COMMENTS = YES;
				CLANG_WARN_EMPTY_BODY = YES;
				CLANG_WARN_ENUM_CONVERSION = YES;
				CLANG_WARN_INFINITE_RECURSION = YES;
				CLANG_WARN_INT_CONVERSION = YES;
				CLANG_WARN_NON_LITERAL_NULL_CONVERSION = YES;
				CLANG_WARN_OBJC_IMPLICIT_RETAIN_SELF = YES;
				CLANG_WARN_OBJC_LITERAL_CONVERSION = YES;
				CLANG_WARN_OBJC_ROOT_CLASS = YES_ERROR;
				CLANG_WARN_QUOTED_INCLUDE_IN_FRAMEWORK_HEADER = YES;
				CLANG_WARN_RANGE_LOOP_ANALYSIS = YES;
				CLANG_WARN_STRICT_PROTOTYPES = YES;
				CLANG_WARN_SUSPICIOUS_MOVE = YES;
				CLANG_WARN_UNGUARDED_AVAILABILITY = YES_AGGRESSIVE;
				CLANG_WARN_UNREACHABLE_CODE = YES;
				CLANG_WARN__DUPLICATE_METHOD_MATCH = YES;
				COPY_PHASE_STRIP = NO;
				DEBUG_INFORMATION_FORMAT = "dwarf-with-dsym";
				ENABLE_NS_ASSERTIONS = NO;
				ENABLE_STRICT_OBJC_MSGSEND = YES;
				GCC_C_LANGUAGE_STANDARD = gnu11;
				GCC_NO_COMMON_BLOCKS = YES;
				GCC_WARN_64_TO_32_BIT_CONVERSION = YES;
				GCC_WARN_ABOUT_RETURN_TYPE = YES_ERROR;
				GCC_WARN_UNDECLARED_SELECTOR = YES;
				GCC_WARN_UNINITIALIZED_AUTOS = YES_AGGRESSIVE;
				GCC_WARN_UNUSED_FUNCTION = YES;
				GCC_WARN_UNUSED_VARIABLE = YES;
				IPHONEOS_DEPLOYMENT_TARGET = 15.4;
				MTL_ENABLE_DEBUG_INFO = NO;
				MTL_FAST_MATH = YES;
				SDKROOT = iphoneos;
				SWIFT_COMPILATION_MODE = wholemodule;
				SWIFT_OPTIMIZATION_LEVEL = "-O";
				VALIDATE_PRODUCT = YES;
			};
			name = Release;
		};
		FADA947828167623008BDA5B /* Debug */ = {
			isa = XCBuildConfiguration;
			buildSettings = {
				ASSETCATALOG_COMPILER_APPICON_NAME = AppIcon;
				ASSETCATALOG_COMPILER_GLOBAL_ACCENT_COLOR_NAME = AccentColor;
				CODE_SIGN_STYLE = Automatic;
				CURRENT_PROJECT_VERSION = 1;
				DEVELOPMENT_ASSET_PATHS = "\"LearnApp/Preview Content\"";
				ENABLE_PREVIEWS = YES;
				GENERATE_INFOPLIST_FILE = YES;
				INFOPLIST_KEY_UIApplicationSceneManifest_Generation = YES;
				INFOPLIST_KEY_UIApplicationSupportsIndirectInputEvents = YES;
				INFOPLIST_KEY_UILaunchScreen_Generation = YES;
				INFOPLIST_KEY_UISupportedInterfaceOrientations_iPad = "UIInterfaceOrientationPortrait UIInterfaceOrientationPortraitUpsideDown UIInterfaceOrientationLandscapeLeft UIInterfaceOrientationLandscapeRight";
				INFOPLIST_KEY_UISupportedInterfaceOrientations_iPhone = "UIInterfaceOrientationPortrait UIInterfaceOrientationLandscapeLeft UIInterfaceOrientationLandscapeRight";
				LD_RUNPATH_SEARCH_PATHS = (
					"$(inherited)",
					"@executable_path/Frameworks",
				);
				MARKETING_VERSION = 1.0;
				PRODUCT_BUNDLE_IDENTIFIER = evan.LearnApp;
				PRODUCT_NAME = "$(TARGET_NAME)";
				SWIFT_EMIT_LOC_STRINGS = YES;
				SWIFT_VERSION = 5.0;
				TARGETED_DEVICE_FAMILY = "1,2";
			};
			name = Debug;
		};
		FADA947928167623008BDA5B /* Release */ = {
			isa = XCBuildConfiguration;
			buildSettings = {
				ASSETCATALOG_COMPILER_APPICON_NAME = AppIcon;
				ASSETCATALOG_COMPILER_GLOBAL_ACCENT_COLOR_NAME = AccentColor;
				CODE_SIGN_STYLE = Automatic;
				CURRENT_PROJECT_VERSION = 1;
				DEVELOPMENT_ASSET_PATHS = "\"LearnApp/Preview Content\"";
				ENABLE_PREVIEWS = YES;
				GENERATE_INFOPLIST_FILE = YES;
				INFOPLIST_KEY_UIApplicationSceneManifest_Generation = YES;
				INFOPLIST_KEY_UIApplicationSupportsIndirectInputEvents = YES;
				INFOPLIST_KEY_UILaunchScreen_Generation = YES;
				INFOPLIST_KEY_UISupportedInterfaceOrientations_iPad = "UIInterfaceOrientationPortrait UIInterfaceOrientationPortraitUpsideDown UIInterfaceOrientationLandscapeLeft UIInterfaceOrientationLandscapeRight";
				INFOPLIST_KEY_UISupportedInterfaceOrientations_iPhone = "UIInterfaceOrientationPortrait UIInterfaceOrientationLandscapeLeft UIInterfaceOrientationLandscapeRight";
				LD_RUNPATH_SEARCH_PATHS = (
					"$(inherited)",
					"@executable_path/Frameworks",
				);
				MARKETING_VERSION = 1.0;
				PRODUCT_BUNDLE_IDENTIFIER = evan.LearnApp;
				PRODUCT_NAME = "$(TARGET_NAME)";
				SWIFT_EMIT_LOC_STRINGS = YES;
				SWIFT_VERSION = 5.0;
				TARGETED_DEVICE_FAMILY = "1,2";
			};
			name = Release;
		};
		FADA947B28167623008BDA5B /* Debug */ = {
			isa = XCBuildConfiguration;
			buildSettings = {
				ALWAYS_EMBED_SWIFT_STANDARD_LIBRARIES = YES;
				BUNDLE_LOADER = "$(TEST_HOST)";
				CODE_SIGN_STYLE = Automatic;
				CURRENT_PROJECT_VERSION = 1;
				GENERATE_INFOPLIST_FILE = YES;
				IPHONEOS_DEPLOYMENT_TARGET = 15.4;
				MARKETING_VERSION = 1.0;
				PRODUCT_BUNDLE_IDENTIFIER = evan.LearnAppTests;
				PRODUCT_NAME = "$(TARGET_NAME)";
				SWIFT_EMIT_LOC_STRINGS = NO;
				SWIFT_VERSION = 5.0;
				TARGETED_DEVICE_FAMILY = "1,2";
				TEST_HOST = "$(BUILT_PRODUCTS_DIR)/LearnApp.app/LearnApp";
			};
			name = Debug;
		};
		FADA947C28167623008BDA5B /* Release */ = {
			isa = XCBuildConfiguration;
			buildSettings = {
				ALWAYS_EMBED_SWIFT_STANDARD_LIBRARIES = YES;
				BUNDLE_LOADER = "$(TEST_HOST)";
				CODE_SIGN_STYLE = Automatic;
				CURRENT_PROJECT_VERSION = 1;
				GENERATE_INFOPLIST_FILE = YES;
				IPHONEOS_DEPLOYMENT_TARGET = 15.4;
				MARKETING_VERSION = 1.0;
				PRODUCT_BUNDLE_IDENTIFIER = evan.LearnAppTests;
				PRODUCT_NAME = "$(TARGET_NAME)";
				SWIFT_EMIT_LOC_STRINGS = NO;
				SWIFT_VERSION = 5.0;
				TARGETED_DEVICE_FAMILY = "1,2";
				TEST_HOST = "$(BUILT_PRODUCTS_DIR)/LearnApp.app/LearnApp";
			};
			name = Release;
		};
		FADA947E28167623008BDA5B /* Debug */ = {
			isa = XCBuildConfiguration;
			buildSettings = {
				ALWAYS_EMBED_SWIFT_STANDARD_LIBRARIES = YES;
				CODE_SIGN_STYLE = Automatic;
				CURRENT_PROJECT_VERSION = 1;
				GENERATE_INFOPLIST_FILE = YES;
				MARKETING_VERSION = 1.0;
				PRODUCT_BUNDLE_IDENTIFIER = evan.LearnAppUITests;
				PRODUCT_NAME = "$(TARGET_NAME)";
				SWIFT_EMIT_LOC_STRINGS = NO;
				SWIFT_VERSION = 5.0;
				TARGETED_DEVICE_FAMILY = "1,2";
				TEST_TARGET_NAME = LearnApp;
			};
			name = Debug;
		};
		FADA947F28167623008BDA5B /* Release */ = {
			isa = XCBuildConfiguration;
			buildSettings = {
				ALWAYS_EMBED_SWIFT_STANDARD_LIBRARIES = YES;
				CODE_SIGN_STYLE = Automatic;
				CURRENT_PROJECT_VERSION = 1;
				GENERATE_INFOPLIST_FILE = YES;
				MARKETING_VERSION = 1.0;
				PRODUCT_BUNDLE_IDENTIFIER = evan.LearnAppUITests;
				PRODUCT_NAME = "$(TARGET_NAME)";
				SWIFT_EMIT_LOC_STRINGS = NO;
				SWIFT_VERSION = 5.0;
				TARGETED_DEVICE_FAMILY = "1,2";
				TEST_TARGET_NAME = LearnApp;
			};
			name = Release;
		};
/* End XCBuildConfiguration section */

/* Begin XCConfigurationList section */
		FADA944E28167621008BDA5B /* Build configuration list for PBXProject "LearnApp" */ = {
			isa = XCConfigurationList;
			buildConfigurations = (
				FADA947528167623008BDA5B /* Debug */,
				FADA947628167623008BDA5B /* Release */,
			);
			defaultConfigurationIsVisible = 0;
			defaultConfigurationName = Release;
		};
		FADA947728167623008BDA5B /* Build configuration list for PBXNativeTarget "LearnApp" */ = {
			isa = XCConfigurationList;
			buildConfigurations = (
				FADA947828167623008BDA5B /* Debug */,
				FADA947928167623008BDA5B /* Release */,
			);
			defaultConfigurationIsVisible = 0;
			defaultConfigurationName = Release;
		};
		FADA947A28167623008BDA5B /* Build configuration list for PBXNativeTarget "LearnAppTests" */ = {
			isa = XCConfigurationList;
			buildConfigurations = (
				FADA947B28167623008BDA5B /* Debug */,
				FADA947C28167623008BDA5B /* Release */,
			);
			defaultConfigurationIsVisible = 0;
			defaultConfigurationName = Release;
		};
		FADA947D28167623008BDA5B /* Build configuration list for PBXNativeTarget "LearnAppUITests" */ = {
			isa = XCConfigurationList;
			buildConfigurations = (
				FADA947E28167623008BDA5B /* Debug */,
				FADA947F28167623008BDA5B /* Release */,
			);
			defaultConfigurationIsVisible = 0;
			defaultConfigurationName = Release;
		};
/* End XCConfigurationList section */
	};
	rootObject = FADA944B28167621008BDA5B /* Project object */;
}
